
Microsoft Visual Studio Solution File, Format Version 12.00
# Visual Studio 15
VisualStudioVersion = 15.0.28010.2050
MinimumVisualStudioVersion = 10.0.40219.1
Project("{FAE04EC0-301F-11D3-BF4B-00C04F79EFBC}") = "Atrem.Animation.ConsoleApp", "Atrem.Animation.ConsoleApp\Atrem.Animation.ConsoleApp.csproj", "{1A233126-AB40-4D67-A40C-2D8F541492EF}"
EndProject
Project("{FAE04EC0-301F-11D3-BF4B-00C04F79EFBC}") = "Artem.Labs.ConsoleApp1", "Artem.Labs.ConsoleApp1\Artem.Labs.ConsoleApp1.csproj", "{DC77C957-5679-4C2B-AD25-47BFC32CB275}"
EndProject
Global
	GlobalSection(SolutionConfigurationPlatforms) = preSolution
		Debug|Any CPU = Debug|Any CPU
		Release|Any CPU = Release|Any CPU
	EndGlobalSection
	GlobalSection(ProjectConfigurationPlatforms) = postSolution
		{1A233126-AB40-4D67-A40C-2D8F541492EF}.Debug|Any CPU.ActiveCfg = Debug|Any CPU
		{1A233126-AB40-4D67-A40C-2D8F541492EF}.Debug|Any CPU.Build.0 = Debug|Any CPU
		{1A233126-AB40-4D67-A40C-2D8F541492EF}.Release|Any CPU.ActiveCfg = Release|Any CPU
		{1A233126-AB40-4D67-A40C-2D8F541492EF}.Release|Any CPU.Build.0 = Release|Any CPU
		{DC77C957-5679-4C2B-AD25-47BFC32CB275}.Debug|Any CPU.ActiveCfg = Debug|Any CPU
		{DC77C957-5679-4C2B-AD25-47BFC32CB275}.Debug|Any CPU.Build.0 = Debug|Any CPU
		{DC77C957-5679-4C2B-AD25-47BFC32CB275}.Release|Any CPU.ActiveCfg = Release|Any CPU
		{DC77C957-5679-4C2B-AD25-47BFC32CB275}.Release|Any CPU.Build.0 = Release|Any CPU
	EndGlobalSection
	GlobalSection(SolutionProperties) = preSolution
		HideSolutionNode = FALSE
	EndGlobalSection
	GlobalSection(ExtensibilityGlobals) = postSolution
		SolutionGuid = {6CA18FBE-CE59-4C90-B17A-40F626568217}
	EndGlobalSection
EndGlobal
